// !$*UTF8*$!
{
	archiveVersion = 1;
	classes = {
	};
	objectVersion = 46;
	objects = {

/* Begin PBXBuildFile section */
		17124FD21F39166600C417A0 /* SKBulletsNode.swift in Sources */ = {isa = PBXBuildFile; fileRef = 17124FD11F39166600C417A0 /* SKBulletsNode.swift */; };
		17124FD41F3916B600C417A0 /* SKEnemyCowboyNode.swift in Sources */ = {isa = PBXBuildFile; fileRef = 17124FD31F3916B600C417A0 /* SKEnemyCowboyNode.swift */; };
		17124FD61F39171100C417A0 /* SKAlienNode.swift in Sources */ = {isa = PBXBuildFile; fileRef = 17124FD51F39171100C417A0 /* SKAlienNode.swift */; };
		179CCB5A1F42839B00AB01B6 /* Event.swift in Sources */ = {isa = PBXBuildFile; fileRef = 179CCB591F42839B00AB01B6 /* Event.swift */; };
		17B4A03B1F429F73000DED13 /* ArrayReference.swift in Sources */ = {isa = PBXBuildFile; fileRef = 17B4A03A1F429F73000DED13 /* ArrayReference.swift */; };
		22F734E01F37BC6600AA52C5 /* punch.wav in Resources */ = {isa = PBXBuildFile; fileRef = 22F734DF1F37BC6600AA52C5 /* punch.wav */; };
		22F734E31F37C3FB00AA52C5 /* Crazy.wav in Resources */ = {isa = PBXBuildFile; fileRef = 22F734E21F37C3FB00AA52C5 /* Crazy.wav */; };
		22F734E61F37CE4A00AA52C5 /* punch2.wav in Resources */ = {isa = PBXBuildFile; fileRef = 22F734E51F37CE4A00AA52C5 /* punch2.wav */; };
		41EB00E7752F4C634F287593 /* Pods_Shoot_OutUITests.framework in Frameworks */ = {isa = PBXBuildFile; fileRef = F5B01B9EC0F8E179B8CBEEA9 /* Pods_Shoot_OutUITests.framework */; };
		51D117B3DF6893AB534E5625 /* Pods_Shoot_Out.framework in Frameworks */ = {isa = PBXBuildFile; fileRef = 267E46FB207CACBFC883BF64 /* Pods_Shoot_Out.framework */; };
		625422DEB163B0A214478C3A /* Pods_Shoot_OutTests.framework in Frameworks */ = {isa = PBXBuildFile; fileRef = 18F429D1C829B5792172ECD4 /* Pods_Shoot_OutTests.framework */; };
		730D8CD21F351B7F002072EE /* kenpixel.ttf in Resources */ = {isa = PBXBuildFile; fileRef = 730D8CD11F351B7E002072EE /* kenpixel.ttf */; };
		730D8CD61F36B299002072EE /* Blood.sks in Resources */ = {isa = PBXBuildFile; fileRef = 730D8CD51F36B299002072EE /* Blood.sks */; };
		730D8CD81F36B2D1002072EE /* justAWhiteCube.png in Resources */ = {isa = PBXBuildFile; fileRef = 730D8CD71F36B2D1002072EE /* justAWhiteCube.png */; };
		73486E211F22FF06004C3333 /* AppDelegate.swift in Sources */ = {isa = PBXBuildFile; fileRef = 73486E201F22FF06004C3333 /* AppDelegate.swift */; };
		73486E231F22FF06004C3333 /* GameScene.sks in Resources */ = {isa = PBXBuildFile; fileRef = 73486E221F22FF06004C3333 /* GameScene.sks */; };
		73486E251F22FF06004C3333 /* Actions.sks in Resources */ = {isa = PBXBuildFile; fileRef = 73486E241F22FF06004C3333 /* Actions.sks */; };
		73486E271F22FF06004C3333 /* GameScene.swift in Sources */ = {isa = PBXBuildFile; fileRef = 73486E261F22FF06004C3333 /* GameScene.swift */; };
		73486E291F22FF06004C3333 /* GameViewController.swift in Sources */ = {isa = PBXBuildFile; fileRef = 73486E281F22FF06004C3333 /* GameViewController.swift */; };
		73486E2C1F22FF06004C3333 /* Main.storyboard in Resources */ = {isa = PBXBuildFile; fileRef = 73486E2A1F22FF06004C3333 /* Main.storyboard */; };
		73486E2E1F22FF06004C3333 /* Assets.xcassets in Resources */ = {isa = PBXBuildFile; fileRef = 73486E2D1F22FF06004C3333 /* Assets.xcassets */; };
		73486E311F22FF06004C3333 /* LaunchScreen.storyboard in Resources */ = {isa = PBXBuildFile; fileRef = 73486E2F1F22FF06004C3333 /* LaunchScreen.storyboard */; };
		73486E3C1F22FF06004C3333 /* Shoot_OutTests.swift in Sources */ = {isa = PBXBuildFile; fileRef = 73486E3B1F22FF06004C3333 /* Shoot_OutTests.swift */; };
		73486E471F22FF06004C3333 /* Shoot_OutUITests.swift in Sources */ = {isa = PBXBuildFile; fileRef = 73486E461F22FF06004C3333 /* Shoot_OutUITests.swift */; };
		73486E551F2309F7004C3333 /* MultiplayerScene.sks in Resources */ = {isa = PBXBuildFile; fileRef = 73486E541F2309F7004C3333 /* MultiplayerScene.sks */; };
		73486E571F230A12004C3333 /* MultiplayerScene.swift in Sources */ = {isa = PBXBuildFile; fileRef = 73486E561F230A12004C3333 /* MultiplayerScene.swift */; };
		73486E591F230AB4004C3333 /* GlobalMultiplayerGameViewController.swift in Sources */ = {isa = PBXBuildFile; fileRef = 73486E581F230AB4004C3333 /* GlobalMultiplayerGameViewController.swift */; };
		736F58581F3D447E00C065EE /* LocalMultiplayerGameController.swift in Sources */ = {isa = PBXBuildFile; fileRef = 736F58571F3D447E00C065EE /* LocalMultiplayerGameController.swift */; };
		737F756D1F45F7BA00B19E8F /* GunShot.mp3 in Resources */ = {isa = PBXBuildFile; fileRef = 737F756C1F45F7BA00B19E8F /* GunShot.mp3 */; };
		73829BDC1F230DDB003AEF6F /* ConnectViewController.swift in Sources */ = {isa = PBXBuildFile; fileRef = 73829BDB1F230DDB003AEF6F /* ConnectViewController.swift */; };
		73829BDF1F231050003AEF6F /* MPCHandler.swift in Sources */ = {isa = PBXBuildFile; fileRef = 73829BDE1F231050003AEF6F /* MPCHandler.swift */; };
		738B0FCD1F37D9AF006D6C80 /* DesertEagleShot.mp3 in Resources */ = {isa = PBXBuildFile; fileRef = 738B0FCC1F37D9AF006D6C80 /* DesertEagleShot.mp3 */; };
		738B0FCF1F37E0C3006D6C80 /* InitialViewController.swift in Sources */ = {isa = PBXBuildFile; fileRef = 738B0FCE1F37E0C3006D6C80 /* InitialViewController.swift */; };
		738D60221F44BE3400FF54C8 /* SKPlayerNode.swift in Sources */ = {isa = PBXBuildFile; fileRef = 738D60211F44BE3400FF54C8 /* SKPlayerNode.swift */; };
		73ADDAF51F3A98E600563B6F /* GameKit.framework in Frameworks */ = {isa = PBXBuildFile; fileRef = 73ADDAF41F3A98E600563B6F /* GameKit.framework */; };
		73CB34B11F4150750008BA9E /* MultiplayerGameHandlerDelegate.swift in Sources */ = {isa = PBXBuildFile; fileRef = 73CB34B01F4150750008BA9E /* MultiplayerGameHandlerDelegate.swift */; };
/* End PBXBuildFile section */

/* Begin PBXContainerItemProxy section */
		73486E381F22FF06004C3333 /* PBXContainerItemProxy */ = {
			isa = PBXContainerItemProxy;
			containerPortal = 73486E151F22FF05004C3333 /* Project object */;
			proxyType = 1;
			remoteGlobalIDString = 73486E1C1F22FF05004C3333;
			remoteInfo = "Shoot Out";
		};
		73486E431F22FF06004C3333 /* PBXContainerItemProxy */ = {
			isa = PBXContainerItemProxy;
			containerPortal = 73486E151F22FF05004C3333 /* Project object */;
			proxyType = 1;
			remoteGlobalIDString = 73486E1C1F22FF05004C3333;
			remoteInfo = "Shoot Out";
		};
/* End PBXContainerItemProxy section */

/* Begin PBXFileReference section */
		17124FD11F39166600C417A0 /* SKBulletsNode.swift */ = {isa = PBXFileReference; lastKnownFileType = sourcecode.swift; path = SKBulletsNode.swift; sourceTree = "<group>"; };
		17124FD31F3916B600C417A0 /* SKEnemyCowboyNode.swift */ = {isa = PBXFileReference; lastKnownFileType = sourcecode.swift; path = SKEnemyCowboyNode.swift; sourceTree = "<group>"; };
		17124FD51F39171100C417A0 /* SKAlienNode.swift */ = {isa = PBXFileReference; lastKnownFileType = sourcecode.swift; path = SKAlienNode.swift; sourceTree = "<group>"; };
		1798F94B710741F60B145977 /* Pods-Shoot OutUITests.release.xcconfig */ = {isa = PBXFileReference; includeInIndex = 1; lastKnownFileType = text.xcconfig; name = "Pods-Shoot OutUITests.release.xcconfig"; path = "Pods/Target Support Files/Pods-Shoot OutUITests/Pods-Shoot OutUITests.release.xcconfig"; sourceTree = "<group>"; };
		179CCB591F42839B00AB01B6 /* Event.swift */ = {isa = PBXFileReference; lastKnownFileType = sourcecode.swift; path = Event.swift; sourceTree = "<group>"; };
		17B4A03A1F429F73000DED13 /* ArrayReference.swift */ = {isa = PBXFileReference; lastKnownFileType = sourcecode.swift; path = ArrayReference.swift; sourceTree = "<group>"; };
		18F429D1C829B5792172ECD4 /* Pods_Shoot_OutTests.framework */ = {isa = PBXFileReference; explicitFileType = wrapper.framework; includeInIndex = 0; path = Pods_Shoot_OutTests.framework; sourceTree = BUILT_PRODUCTS_DIR; };
		22F734DF1F37BC6600AA52C5 /* punch.wav */ = {isa = PBXFileReference; lastKnownFileType = audio.wav; path = punch.wav; sourceTree = "<group>"; };
		22F734E21F37C3FB00AA52C5 /* Crazy.wav */ = {isa = PBXFileReference; lastKnownFileType = audio.wav; path = Crazy.wav; sourceTree = "<group>"; };
		22F734E51F37CE4A00AA52C5 /* punch2.wav */ = {isa = PBXFileReference; lastKnownFileType = audio.wav; path = punch2.wav; sourceTree = "<group>"; };
		267E46FB207CACBFC883BF64 /* Pods_Shoot_Out.framework */ = {isa = PBXFileReference; explicitFileType = wrapper.framework; includeInIndex = 0; path = Pods_Shoot_Out.framework; sourceTree = BUILT_PRODUCTS_DIR; };
		3E81CE78F2C96F5CBEABBB35 /* Pods-Shoot Out.release.xcconfig */ = {isa = PBXFileReference; includeInIndex = 1; lastKnownFileType = text.xcconfig; name = "Pods-Shoot Out.release.xcconfig"; path = "Pods/Target Support Files/Pods-Shoot Out/Pods-Shoot Out.release.xcconfig"; sourceTree = "<group>"; };
		47AD165EB11F34BB5286A3E0 /* Pods-Shoot Out.debug.xcconfig */ = {isa = PBXFileReference; includeInIndex = 1; lastKnownFileType = text.xcconfig; name = "Pods-Shoot Out.debug.xcconfig"; path = "Pods/Target Support Files/Pods-Shoot Out/Pods-Shoot Out.debug.xcconfig"; sourceTree = "<group>"; };
		5771846E02BD247E3E348FAD /* Pods-Shoot OutTests.debug.xcconfig */ = {isa = PBXFileReference; includeInIndex = 1; lastKnownFileType = text.xcconfig; name = "Pods-Shoot OutTests.debug.xcconfig"; path = "Pods/Target Support Files/Pods-Shoot OutTests/Pods-Shoot OutTests.debug.xcconfig"; sourceTree = "<group>"; };
		730D8CD11F351B7E002072EE /* kenpixel.ttf */ = {isa = PBXFileReference; lastKnownFileType = file; path = kenpixel.ttf; sourceTree = "<group>"; };
		730D8CD51F36B299002072EE /* Blood.sks */ = {isa = PBXFileReference; lastKnownFileType = file.sks; path = Blood.sks; sourceTree = "<group>"; };
		730D8CD71F36B2D1002072EE /* justAWhiteCube.png */ = {isa = PBXFileReference; lastKnownFileType = image.png; path = justAWhiteCube.png; sourceTree = "<group>"; };
		73486E1D1F22FF06004C3333 /* Shoot Out.app */ = {isa = PBXFileReference; explicitFileType = wrapper.application; includeInIndex = 0; path = "Shoot Out.app"; sourceTree = BUILT_PRODUCTS_DIR; };
		73486E201F22FF06004C3333 /* AppDelegate.swift */ = {isa = PBXFileReference; lastKnownFileType = sourcecode.swift; path = AppDelegate.swift; sourceTree = "<group>"; };
		73486E221F22FF06004C3333 /* GameScene.sks */ = {isa = PBXFileReference; lastKnownFileType = file.sks; path = GameScene.sks; sourceTree = "<group>"; };
		73486E241F22FF06004C3333 /* Actions.sks */ = {isa = PBXFileReference; lastKnownFileType = file.sks; path = Actions.sks; sourceTree = "<group>"; };
		73486E261F22FF06004C3333 /* GameScene.swift */ = {isa = PBXFileReference; lastKnownFileType = sourcecode.swift; path = GameScene.swift; sourceTree = "<group>"; };
		73486E281F22FF06004C3333 /* GameViewController.swift */ = {isa = PBXFileReference; lastKnownFileType = sourcecode.swift; path = GameViewController.swift; sourceTree = "<group>"; };
		73486E2B1F22FF06004C3333 /* Base */ = {isa = PBXFileReference; lastKnownFileType = file.storyboard; name = Base; path = Base.lproj/Main.storyboard; sourceTree = "<group>"; };
		73486E2D1F22FF06004C3333 /* Assets.xcassets */ = {isa = PBXFileReference; lastKnownFileType = folder.assetcatalog; path = Assets.xcassets; sourceTree = "<group>"; };
		73486E301F22FF06004C3333 /* Base */ = {isa = PBXFileReference; lastKnownFileType = file.storyboard; name = Base; path = Base.lproj/LaunchScreen.storyboard; sourceTree = "<group>"; };
		73486E321F22FF06004C3333 /* Info.plist */ = {isa = PBXFileReference; lastKnownFileType = text.plist.xml; path = Info.plist; sourceTree = "<group>"; };
		73486E371F22FF06004C3333 /* Shoot OutTests.xctest */ = {isa = PBXFileReference; explicitFileType = wrapper.cfbundle; includeInIndex = 0; path = "Shoot OutTests.xctest"; sourceTree = BUILT_PRODUCTS_DIR; };
		73486E3B1F22FF06004C3333 /* Shoot_OutTests.swift */ = {isa = PBXFileReference; lastKnownFileType = sourcecode.swift; path = Shoot_OutTests.swift; sourceTree = "<group>"; };
		73486E3D1F22FF06004C3333 /* Info.plist */ = {isa = PBXFileReference; lastKnownFileType = text.plist.xml; path = Info.plist; sourceTree = "<group>"; };
		73486E421F22FF06004C3333 /* Shoot OutUITests.xctest */ = {isa = PBXFileReference; explicitFileType = wrapper.cfbundle; includeInIndex = 0; path = "Shoot OutUITests.xctest"; sourceTree = BUILT_PRODUCTS_DIR; };
		73486E461F22FF06004C3333 /* Shoot_OutUITests.swift */ = {isa = PBXFileReference; lastKnownFileType = sourcecode.swift; path = Shoot_OutUITests.swift; sourceTree = "<group>"; };
		73486E481F22FF06004C3333 /* Info.plist */ = {isa = PBXFileReference; lastKnownFileType = text.plist.xml; path = Info.plist; sourceTree = "<group>"; };
		73486E541F2309F7004C3333 /* MultiplayerScene.sks */ = {isa = PBXFileReference; lastKnownFileType = file.sks; path = MultiplayerScene.sks; sourceTree = "<group>"; };
		73486E561F230A12004C3333 /* MultiplayerScene.swift */ = {isa = PBXFileReference; fileEncoding = 4; lastKnownFileType = sourcecode.swift; path = MultiplayerScene.swift; sourceTree = "<group>"; };
		73486E581F230AB4004C3333 /* GlobalMultiplayerGameViewController.swift */ = {isa = PBXFileReference; fileEncoding = 4; lastKnownFileType = sourcecode.swift; path = GlobalMultiplayerGameViewController.swift; sourceTree = "<group>"; };
		736F58571F3D447E00C065EE /* LocalMultiplayerGameController.swift */ = {isa = PBXFileReference; fileEncoding = 4; lastKnownFileType = sourcecode.swift; path = LocalMultiplayerGameController.swift; sourceTree = "<group>"; };
		737F756C1F45F7BA00B19E8F /* GunShot.mp3 */ = {isa = PBXFileReference; lastKnownFileType = audio.mp3; path = GunShot.mp3; sourceTree = "<group>"; };
		73829BDB1F230DDB003AEF6F /* ConnectViewController.swift */ = {isa = PBXFileReference; fileEncoding = 4; lastKnownFileType = sourcecode.swift; path = ConnectViewController.swift; sourceTree = "<group>"; };
		73829BDE1F231050003AEF6F /* MPCHandler.swift */ = {isa = PBXFileReference; fileEncoding = 4; lastKnownFileType = sourcecode.swift; path = MPCHandler.swift; sourceTree = "<group>"; };
		738B0FCC1F37D9AF006D6C80 /* DesertEagleShot.mp3 */ = {isa = PBXFileReference; lastKnownFileType = audio.mp3; path = DesertEagleShot.mp3; sourceTree = "<group>"; };
		738B0FCE1F37E0C3006D6C80 /* InitialViewController.swift */ = {isa = PBXFileReference; fileEncoding = 4; lastKnownFileType = sourcecode.swift; path = InitialViewController.swift; sourceTree = "<group>"; };
		738D60211F44BE3400FF54C8 /* SKPlayerNode.swift */ = {isa = PBXFileReference; fileEncoding = 4; lastKnownFileType = sourcecode.swift; path = SKPlayerNode.swift; sourceTree = "<group>"; };
		73ADDAF41F3A98E600563B6F /* GameKit.framework */ = {isa = PBXFileReference; lastKnownFileType = wrapper.framework; name = GameKit.framework; path = System/Library/Frameworks/GameKit.framework; sourceTree = SDKROOT; };
		73CB34B01F4150750008BA9E /* MultiplayerGameHandlerDelegate.swift */ = {isa = PBXFileReference; fileEncoding = 4; lastKnownFileType = sourcecode.swift; path = MultiplayerGameHandlerDelegate.swift; sourceTree = "<group>"; };
		94F576C725E3FE6496540B8E /* Pods-Shoot OutUITests.debug.xcconfig */ = {isa = PBXFileReference; includeInIndex = 1; lastKnownFileType = text.xcconfig; name = "Pods-Shoot OutUITests.debug.xcconfig"; path = "Pods/Target Support Files/Pods-Shoot OutUITests/Pods-Shoot OutUITests.debug.xcconfig"; sourceTree = "<group>"; };
		E8B79C560DDD5275858FAE3A /* Pods-Shoot OutTests.release.xcconfig */ = {isa = PBXFileReference; includeInIndex = 1; lastKnownFileType = text.xcconfig; name = "Pods-Shoot OutTests.release.xcconfig"; path = "Pods/Target Support Files/Pods-Shoot OutTests/Pods-Shoot OutTests.release.xcconfig"; sourceTree = "<group>"; };
		F5B01B9EC0F8E179B8CBEEA9 /* Pods_Shoot_OutUITests.framework */ = {isa = PBXFileReference; explicitFileType = wrapper.framework; includeInIndex = 0; path = Pods_Shoot_OutUITests.framework; sourceTree = BUILT_PRODUCTS_DIR; };
/* End PBXFileReference section */

/* Begin PBXFrameworksBuildPhase section */
		73486E1A1F22FF05004C3333 /* Frameworks */ = {
			isa = PBXFrameworksBuildPhase;
			buildActionMask = 2147483647;
			files = (
				51D117B3DF6893AB534E5625 /* Pods_Shoot_Out.framework in Frameworks */,
				73ADDAF51F3A98E600563B6F /* GameKit.framework in Frameworks */,
			);
			runOnlyForDeploymentPostprocessing = 0;
		};
		73486E341F22FF06004C3333 /* Frameworks */ = {
			isa = PBXFrameworksBuildPhase;
			buildActionMask = 2147483647;
			files = (
				625422DEB163B0A214478C3A /* Pods_Shoot_OutTests.framework in Frameworks */,
			);
			runOnlyForDeploymentPostprocessing = 0;
		};
		73486E3F1F22FF06004C3333 /* Frameworks */ = {
			isa = PBXFrameworksBuildPhase;
			buildActionMask = 2147483647;
			files = (
				41EB00E7752F4C634F287593 /* Pods_Shoot_OutUITests.framework in Frameworks */,
			);
			runOnlyForDeploymentPostprocessing = 0;
		};
/* End PBXFrameworksBuildPhase section */

/* Begin PBXGroup section */
		22F734E11F37BC8500AA52C5 /* Sound */ = {
			isa = PBXGroup;
			children = (
				22F734E21F37C3FB00AA52C5 /* Crazy.wav */,
				738B0FCC1F37D9AF006D6C80 /* DesertEagleShot.mp3 */,
				737F756C1F45F7BA00B19E8F /* GunShot.mp3 */,
				22F734DF1F37BC6600AA52C5 /* punch.wav */,
				22F734E51F37CE4A00AA52C5 /* punch2.wav */,
			);
			name = Sound;
			sourceTree = "<group>";
		};
		2FBC177484B4A90D919DBC08 /* Pods */ = {
			isa = PBXGroup;
			children = (
				47AD165EB11F34BB5286A3E0 /* Pods-Shoot Out.debug.xcconfig */,
				3E81CE78F2C96F5CBEABBB35 /* Pods-Shoot Out.release.xcconfig */,
				5771846E02BD247E3E348FAD /* Pods-Shoot OutTests.debug.xcconfig */,
				E8B79C560DDD5275858FAE3A /* Pods-Shoot OutTests.release.xcconfig */,
				94F576C725E3FE6496540B8E /* Pods-Shoot OutUITests.debug.xcconfig */,
				1798F94B710741F60B145977 /* Pods-Shoot OutUITests.release.xcconfig */,
			);
			name = Pods;
			sourceTree = "<group>";
		};
		730D8CCA1F316D23002072EE /* Fonts */ = {
			isa = PBXGroup;
			children = (
				730D8CD11F351B7E002072EE /* kenpixel.ttf */,
			);
			name = Fonts;
			sourceTree = "<group>";
		};
		730D8CD91F36B35D002072EE /* Blood Files */ = {
			isa = PBXGroup;
			children = (
				730D8CD51F36B299002072EE /* Blood.sks */,
				730D8CD71F36B2D1002072EE /* justAWhiteCube.png */,
			);
			name = "Blood Files";
			sourceTree = "<group>";
		};
		73486E141F22FF05004C3333 = {
			isa = PBXGroup;
			children = (
				73486E1F1F22FF06004C3333 /* Shoot Out */,
				73486E3A1F22FF06004C3333 /* Shoot OutTests */,
				73486E451F22FF06004C3333 /* Shoot OutUITests */,
				73486E1E1F22FF06004C3333 /* Products */,
				2FBC177484B4A90D919DBC08 /* Pods */,
				CA4549A0AF64058A363F79EF /* Frameworks */,
			);
			sourceTree = "<group>";
		};
		73486E1E1F22FF06004C3333 /* Products */ = {
			isa = PBXGroup;
			children = (
				73486E1D1F22FF06004C3333 /* Shoot Out.app */,
				73486E371F22FF06004C3333 /* Shoot OutTests.xctest */,
				73486E421F22FF06004C3333 /* Shoot OutUITests.xctest */,
			);
			name = Products;
			sourceTree = "<group>";
		};
		73486E1F1F22FF06004C3333 /* Shoot Out */ = {
			isa = PBXGroup;
			children = (
				730D8CD91F36B35D002072EE /* Blood Files */,
				730D8CCA1F316D23002072EE /* Fonts */,
				22F734E11F37BC8500AA52C5 /* Sound */,
				73486E201F22FF06004C3333 /* AppDelegate.swift */,
				73486E241F22FF06004C3333 /* Actions.sks */,
				73486E2A1F22FF06004C3333 /* Main.storyboard */,
				738B0FD01F37E0CB006D6C80 /* Initial View */,
				73486E5B1F230BA4004C3333 /* Single Player */,
				73829BDD1F230DF4003AEF6F /* Connect */,
				736F58591F3E623E00C065EE /* Multiplayer Game Files */,
				73486E2D1F22FF06004C3333 /* Assets.xcassets */,
				73486E2F1F22FF06004C3333 /* LaunchScreen.storyboard */,
				73486E321F22FF06004C3333 /* Info.plist */,
			);
			path = "Shoot Out";
			sourceTree = "<group>";
		};
		73486E3A1F22FF06004C3333 /* Shoot OutTests */ = {
			isa = PBXGroup;
			children = (
				73486E3B1F22FF06004C3333 /* Shoot_OutTests.swift */,
				73486E3D1F22FF06004C3333 /* Info.plist */,
			);
			path = "Shoot OutTests";
			sourceTree = "<group>";
		};
		73486E451F22FF06004C3333 /* Shoot OutUITests */ = {
			isa = PBXGroup;
			children = (
				73486E461F22FF06004C3333 /* Shoot_OutUITests.swift */,
				73486E481F22FF06004C3333 /* Info.plist */,
			);
			path = "Shoot OutUITests";
			sourceTree = "<group>";
		};
		73486E5B1F230BA4004C3333 /* Single Player */ = {
			isa = PBXGroup;
			children = (
				73486E281F22FF06004C3333 /* GameViewController.swift */,
				73486E261F22FF06004C3333 /* GameScene.swift */,
				73486E221F22FF06004C3333 /* GameScene.sks */,
				17B4A03A1F429F73000DED13 /* ArrayReference.swift */,
				17124FD11F39166600C417A0 /* SKBulletsNode.swift */,
				17124FD31F3916B600C417A0 /* SKEnemyCowboyNode.swift */,
				17124FD51F39171100C417A0 /* SKAlienNode.swift */,
			);
			name = "Single Player";
			sourceTree = "<group>";
		};
		736F58591F3E623E00C065EE /* Multiplayer Game Files */ = {
			isa = PBXGroup;
			children = (
				736F58571F3D447E00C065EE /* LocalMultiplayerGameController.swift */,
				73486E581F230AB4004C3333 /* GlobalMultiplayerGameViewController.swift */,
				73486E561F230A12004C3333 /* MultiplayerScene.swift */,
				73486E541F2309F7004C3333 /* MultiplayerScene.sks */,
				73829BDE1F231050003AEF6F /* MPCHandler.swift */,
				738D60211F44BE3400FF54C8 /* SKPlayerNode.swift */,
				179CCB591F42839B00AB01B6 /* Event.swift */,
				73CB34B01F4150750008BA9E /* MultiplayerGameHandlerDelegate.swift */,
			);
			name = "Multiplayer Game Files";
			sourceTree = "<group>";
		};
		73829BDD1F230DF4003AEF6F /* Connect */ = {
			isa = PBXGroup;
			children = (
				73829BDB1F230DDB003AEF6F /* ConnectViewController.swift */,
			);
			name = Connect;
			sourceTree = "<group>";
		};
		738B0FD01F37E0CB006D6C80 /* Initial View */ = {
			isa = PBXGroup;
			children = (
				738B0FCE1F37E0C3006D6C80 /* InitialViewController.swift */,
			);
			name = "Initial View";
			sourceTree = "<group>";
		};
		CA4549A0AF64058A363F79EF /* Frameworks */ = {
			isa = PBXGroup;
			children = (
				73ADDAF41F3A98E600563B6F /* GameKit.framework */,
				267E46FB207CACBFC883BF64 /* Pods_Shoot_Out.framework */,
				18F429D1C829B5792172ECD4 /* Pods_Shoot_OutTests.framework */,
				F5B01B9EC0F8E179B8CBEEA9 /* Pods_Shoot_OutUITests.framework */,
			);
			name = Frameworks;
			sourceTree = "<group>";
		};
/* End PBXGroup section */

/* Begin PBXNativeTarget section */
		73486E1C1F22FF05004C3333 /* Shoot Out */ = {
			isa = PBXNativeTarget;
			buildConfigurationList = 73486E4B1F22FF06004C3333 /* Build configuration list for PBXNativeTarget "Shoot Out" */;
			buildPhases = (
				CF8344EAD1C58C34E85974AD /* [CP] Check Pods Manifest.lock */,
				73486E191F22FF05004C3333 /* Sources */,
				73486E1A1F22FF05004C3333 /* Frameworks */,
				73486E1B1F22FF05004C3333 /* Resources */,
				AF12F67DFD30E3BFC448E5E3 /* [CP] Embed Pods Frameworks */,
				9169C829F71414E77BFF8B4E /* [CP] Copy Pods Resources */,
			);
			buildRules = (
			);
			dependencies = (
			);
			name = "Shoot Out";
			productName = "Shoot Out";
			productReference = 73486E1D1F22FF06004C3333 /* Shoot Out.app */;
			productType = "com.apple.product-type.application";
		};
		73486E361F22FF06004C3333 /* Shoot OutTests */ = {
			isa = PBXNativeTarget;
			buildConfigurationList = 73486E4E1F22FF06004C3333 /* Build configuration list for PBXNativeTarget "Shoot OutTests" */;
			buildPhases = (
				BFFC627ED9EB252DCBEA7A55 /* [CP] Check Pods Manifest.lock */,
				73486E331F22FF06004C3333 /* Sources */,
				73486E341F22FF06004C3333 /* Frameworks */,
				73486E351F22FF06004C3333 /* Resources */,
				7974CB39A71FA327747DB3D0 /* [CP] Embed Pods Frameworks */,
				F9E2CA75E4E10B61A423B2BF /* [CP] Copy Pods Resources */,
			);
			buildRules = (
			);
			dependencies = (
				73486E391F22FF06004C3333 /* PBXTargetDependency */,
			);
			name = "Shoot OutTests";
			productName = "Shoot OutTests";
			productReference = 73486E371F22FF06004C3333 /* Shoot OutTests.xctest */;
			productType = "com.apple.product-type.bundle.unit-test";
		};
		73486E411F22FF06004C3333 /* Shoot OutUITests */ = {
			isa = PBXNativeTarget;
			buildConfigurationList = 73486E511F22FF06004C3333 /* Build configuration list for PBXNativeTarget "Shoot OutUITests" */;
			buildPhases = (
				1C3D17769987E585761762FD /* [CP] Check Pods Manifest.lock */,
				73486E3E1F22FF06004C3333 /* Sources */,
				73486E3F1F22FF06004C3333 /* Frameworks */,
				73486E401F22FF06004C3333 /* Resources */,
				C66A8A50EDA5727DA462FC99 /* [CP] Embed Pods Frameworks */,
				B077A70D5C95F3A702032021 /* [CP] Copy Pods Resources */,
			);
			buildRules = (
			);
			dependencies = (
				73486E441F22FF06004C3333 /* PBXTargetDependency */,
			);
			name = "Shoot OutUITests";
			productName = "Shoot OutUITests";
			productReference = 73486E421F22FF06004C3333 /* Shoot OutUITests.xctest */;
			productType = "com.apple.product-type.bundle.ui-testing";
		};
/* End PBXNativeTarget section */

/* Begin PBXProject section */
		73486E151F22FF05004C3333 /* Project object */ = {
			isa = PBXProject;
			attributes = {
				LastSwiftUpdateCheck = 0810;
				LastUpgradeCheck = 0900;
				ORGANIZATIONNAME = "Westlake APC";
				TargetAttributes = {
					73486E1C1F22FF05004C3333 = {
						CreatedOnToolsVersion = 8.1;
						DevelopmentTeam = 9SR8L2XE3A;
						ProvisioningStyle = Automatic;
						SystemCapabilities = {
							com.apple.GameCenter = {
								enabled = 1;
							};
						};
					};
					73486E361F22FF06004C3333 = {
						CreatedOnToolsVersion = 8.1;
						DevelopmentTeam = 9SR8L2XE3A;
						ProvisioningStyle = Automatic;
						TestTargetID = 73486E1C1F22FF05004C3333;
					};
					73486E411F22FF06004C3333 = {
						CreatedOnToolsVersion = 8.1;
						DevelopmentTeam = 9SR8L2XE3A;
						ProvisioningStyle = Automatic;
						TestTargetID = 73486E1C1F22FF05004C3333;
					};
				};
			};
			buildConfigurationList = 73486E181F22FF05004C3333 /* Build configuration list for PBXProject "Shoot Out" */;
			compatibilityVersion = "Xcode 3.2";
			developmentRegion = English;
			hasScannedForEncodings = 0;
			knownRegions = (
				en,
				Base,
			);
			mainGroup = 73486E141F22FF05004C3333;
			productRefGroup = 73486E1E1F22FF06004C3333 /* Products */;
			projectDirPath = "";
			projectRoot = "";
			targets = (
				73486E1C1F22FF05004C3333 /* Shoot Out */,
				73486E361F22FF06004C3333 /* Shoot OutTests */,
				73486E411F22FF06004C3333 /* Shoot OutUITests */,
			);
		};
/* End PBXProject section */

/* Begin PBXResourcesBuildPhase section */
		73486E1B1F22FF05004C3333 /* Resources */ = {
			isa = PBXResourcesBuildPhase;
			buildActionMask = 2147483647;
			files = (
				730D8CD61F36B299002072EE /* Blood.sks in Resources */,
				22F734E01F37BC6600AA52C5 /* punch.wav in Resources */,
				730D8CD21F351B7F002072EE /* kenpixel.ttf in Resources */,
				737F756D1F45F7BA00B19E8F /* GunShot.mp3 in Resources */,
				730D8CD81F36B2D1002072EE /* justAWhiteCube.png in Resources */,
				73486E2C1F22FF06004C3333 /* Main.storyboard in Resources */,
				73486E231F22FF06004C3333 /* GameScene.sks in Resources */,
				22F734E61F37CE4A00AA52C5 /* punch2.wav in Resources */,
				73486E2E1F22FF06004C3333 /* Assets.xcassets in Resources */,
				738B0FCD1F37D9AF006D6C80 /* DesertEagleShot.mp3 in Resources */,
				22F734E31F37C3FB00AA52C5 /* Crazy.wav in Resources */,
				73486E551F2309F7004C3333 /* MultiplayerScene.sks in Resources */,
				73486E311F22FF06004C3333 /* LaunchScreen.storyboard in Resources */,
				73486E251F22FF06004C3333 /* Actions.sks in Resources */,
			);
			runOnlyForDeploymentPostprocessing = 0;
		};
		73486E351F22FF06004C3333 /* Resources */ = {
			isa = PBXResourcesBuildPhase;
			buildActionMask = 2147483647;
			files = (
			);
			runOnlyForDeploymentPostprocessing = 0;
		};
		73486E401F22FF06004C3333 /* Resources */ = {
			isa = PBXResourcesBuildPhase;
			buildActionMask = 2147483647;
			files = (
			);
			runOnlyForDeploymentPostprocessing = 0;
		};
/* End PBXResourcesBuildPhase section */

/* Begin PBXShellScriptBuildPhase section */
		1C3D17769987E585761762FD /* [CP] Check Pods Manifest.lock */ = {
			isa = PBXShellScriptBuildPhase;
			buildActionMask = 2147483647;
			files = (
			);
			inputPaths = (
				"${PODS_PODFILE_DIR_PATH}/Podfile.lock",
				"${PODS_ROOT}/Manifest.lock",
			);
			name = "[CP] Check Pods Manifest.lock";
			outputPaths = (
				"$(DERIVED_FILE_DIR)/Pods-Shoot OutUITests-checkManifestLockResult.txt",
			);
			runOnlyForDeploymentPostprocessing = 0;
			shellPath = /bin/sh;
			shellScript = "diff \"${PODS_PODFILE_DIR_PATH}/Podfile.lock\" \"${PODS_ROOT}/Manifest.lock\" > /dev/null\nif [ $? != 0 ] ; then\n    # print error to STDERR\n    echo \"error: The sandbox is not in sync with the Podfile.lock. Run 'pod install' or update your CocoaPods installation.\" >&2\n    exit 1\nfi\n# This output is used by Xcode 'outputs' to avoid re-running this script phase.\necho \"SUCCESS\" > \"${SCRIPT_OUTPUT_FILE_0}\"\n";
			showEnvVarsInLog = 0;
		};
		7974CB39A71FA327747DB3D0 /* [CP] Embed Pods Frameworks */ = {
			isa = PBXShellScriptBuildPhase;
			buildActionMask = 2147483647;
			files = (
			);
			inputPaths = (
			);
			name = "[CP] Embed Pods Frameworks";
			outputPaths = (
			);
			runOnlyForDeploymentPostprocessing = 0;
			shellPath = /bin/sh;
			shellScript = "\"${SRCROOT}/Pods/Target Support Files/Pods-Shoot OutTests/Pods-Shoot OutTests-frameworks.sh\"\n";
			showEnvVarsInLog = 0;
		};
		9169C829F71414E77BFF8B4E /* [CP] Copy Pods Resources */ = {
			isa = PBXShellScriptBuildPhase;
			buildActionMask = 2147483647;
			files = (
			);
			inputPaths = (
			);
			name = "[CP] Copy Pods Resources";
			outputPaths = (
			);
			runOnlyForDeploymentPostprocessing = 0;
			shellPath = /bin/sh;
			shellScript = "\"${SRCROOT}/Pods/Target Support Files/Pods-Shoot Out/Pods-Shoot Out-resources.sh\"\n";
			showEnvVarsInLog = 0;
		};
		AF12F67DFD30E3BFC448E5E3 /* [CP] Embed Pods Frameworks */ = {
			isa = PBXShellScriptBuildPhase;
			buildActionMask = 2147483647;
			files = (
			);
			inputPaths = (
				"${SRCROOT}/Pods/Target Support Files/Pods-Shoot Out/Pods-Shoot Out-frameworks.sh",
				"${BUILT_PRODUCTS_DIR}/GCHelper/GCHelper.framework",
				"${BUILT_PRODUCTS_DIR}/Toaster/Toaster.framework",
			);
			name = "[CP] Embed Pods Frameworks";
			outputPaths = (
				"${TARGET_BUILD_DIR}/${FRAMEWORKS_FOLDER_PATH}/GCHelper.framework",
				"${TARGET_BUILD_DIR}/${FRAMEWORKS_FOLDER_PATH}/Toaster.framework",
			);
			runOnlyForDeploymentPostprocessing = 0;
			shellPath = /bin/sh;
			shellScript = "\"${SRCROOT}/Pods/Target Support Files/Pods-Shoot Out/Pods-Shoot Out-frameworks.sh\"\n";
			showEnvVarsInLog = 0;
		};
		B077A70D5C95F3A702032021 /* [CP] Copy Pods Resources */ = {
			isa = PBXShellScriptBuildPhase;
			buildActionMask = 2147483647;
			files = (
			);
			inputPaths = (
			);
			name = "[CP] Copy Pods Resources";
			outputPaths = (
			);
			runOnlyForDeploymentPostprocessing = 0;
			shellPath = /bin/sh;
			shellScript = "\"${SRCROOT}/Pods/Target Support Files/Pods-Shoot OutUITests/Pods-Shoot OutUITests-resources.sh\"\n";
			showEnvVarsInLog = 0;
		};
		BFFC627ED9EB252DCBEA7A55 /* [CP] Check Pods Manifest.lock */ = {
			isa = PBXShellScriptBuildPhase;
			buildActionMask = 2147483647;
			files = (
			);
			inputPaths = (
				"${PODS_PODFILE_DIR_PATH}/Podfile.lock",
				"${PODS_ROOT}/Manifest.lock",
			);
			name = "[CP] Check Pods Manifest.lock";
			outputPaths = (
				"$(DERIVED_FILE_DIR)/Pods-Shoot OutTests-checkManifestLockResult.txt",
			);
			runOnlyForDeploymentPostprocessing = 0;
			shellPath = /bin/sh;
			shellScript = "diff \"${PODS_PODFILE_DIR_PATH}/Podfile.lock\" \"${PODS_ROOT}/Manifest.lock\" > /dev/null\nif [ $? != 0 ] ; then\n    # print error to STDERR\n    echo \"error: The sandbox is not in sync with the Podfile.lock. Run 'pod install' or update your CocoaPods installation.\" >&2\n    exit 1\nfi\n# This output is used by Xcode 'outputs' to avoid re-running this script phase.\necho \"SUCCESS\" > \"${SCRIPT_OUTPUT_FILE_0}\"\n";
			showEnvVarsInLog = 0;
		};
		C66A8A50EDA5727DA462FC99 /* [CP] Embed Pods Frameworks */ = {
			isa = PBXShellScriptBuildPhase;
			buildActionMask = 2147483647;
			files = (
			);
			inputPaths = (
			);
			name = "[CP] Embed Pods Frameworks";
			outputPaths = (
			);
			runOnlyForDeploymentPostprocessing = 0;
			shellPath = /bin/sh;
			shellScript = "\"${SRCROOT}/Pods/Target Support Files/Pods-Shoot OutUITests/Pods-Shoot OutUITests-frameworks.sh\"\n";
			showEnvVarsInLog = 0;
		};
		CF8344EAD1C58C34E85974AD /* [CP] Check Pods Manifest.lock */ = {
			isa = PBXShellScriptBuildPhase;
			buildActionMask = 2147483647;
			files = (
			);
			inputPaths = (
				"${PODS_PODFILE_DIR_PATH}/Podfile.lock",
				"${PODS_ROOT}/Manifest.lock",
			);
			name = "[CP] Check Pods Manifest.lock";
			outputPaths = (
				"$(DERIVED_FILE_DIR)/Pods-Shoot Out-checkManifestLockResult.txt",
			);
			runOnlyForDeploymentPostprocessing = 0;
			shellPath = /bin/sh;
			shellScript = "diff \"${PODS_PODFILE_DIR_PATH}/Podfile.lock\" \"${PODS_ROOT}/Manifest.lock\" > /dev/null\nif [ $? != 0 ] ; then\n    # print error to STDERR\n    echo \"error: The sandbox is not in sync with the Podfile.lock. Run 'pod install' or update your CocoaPods installation.\" >&2\n    exit 1\nfi\n# This output is used by Xcode 'outputs' to avoid re-running this script phase.\necho \"SUCCESS\" > \"${SCRIPT_OUTPUT_FILE_0}\"\n";
			showEnvVarsInLog = 0;
		};
		F9E2CA75E4E10B61A423B2BF /* [CP] Copy Pods Resources */ = {
			isa = PBXShellScriptBuildPhase;
			buildActionMask = 2147483647;
			files = (
			);
			inputPaths = (
			);
			name = "[CP] Copy Pods Resources";
			outputPaths = (
			);
			runOnlyForDeploymentPostprocessing = 0;
			shellPath = /bin/sh;
			shellScript = "\"${SRCROOT}/Pods/Target Support Files/Pods-Shoot OutTests/Pods-Shoot OutTests-resources.sh\"\n";
			showEnvVarsInLog = 0;
		};
/* End PBXShellScriptBuildPhase section */

/* Begin PBXSourcesBuildPhase section */
		73486E191F22FF05004C3333 /* Sources */ = {
			isa = PBXSourcesBuildPhase;
			buildActionMask = 2147483647;
			files = (
				736F58581F3D447E00C065EE /* LocalMultiplayerGameController.swift in Sources */,
				17B4A03B1F429F73000DED13 /* ArrayReference.swift in Sources */,
				73486E271F22FF06004C3333 /* GameScene.swift in Sources */,
				73486E291F22FF06004C3333 /* GameViewController.swift in Sources */,
				73486E211F22FF06004C3333 /* AppDelegate.swift in Sources */,
				73829BDC1F230DDB003AEF6F /* ConnectViewController.swift in Sources */,
				73486E591F230AB4004C3333 /* GlobalMultiplayerGameViewController.swift in Sources */,
				17124FD41F3916B600C417A0 /* SKEnemyCowboyNode.swift in Sources */,
				17124FD61F39171100C417A0 /* SKAlienNode.swift in Sources */,
				17124FD21F39166600C417A0 /* SKBulletsNode.swift in Sources */,
				73829BDF1F231050003AEF6F /* MPCHandler.swift in Sources */,
				73CB34B11F4150750008BA9E /* MultiplayerGameHandlerDelegate.swift in Sources */,
				73486E571F230A12004C3333 /* MultiplayerScene.swift in Sources */,
				179CCB5A1F42839B00AB01B6 /* Event.swift in Sources */,
				738D60221F44BE3400FF54C8 /* SKPlayerNode.swift in Sources */,
				738B0FCF1F37E0C3006D6C80 /* InitialViewController.swift in Sources */,
			);
			runOnlyForDeploymentPostprocessing = 0;
		};
		73486E331F22FF06004C3333 /* Sources */ = {
			isa = PBXSourcesBuildPhase;
			buildActionMask = 2147483647;
			files = (
				73486E3C1F22FF06004C3333 /* Shoot_OutTests.swift in Sources */,
			);
			runOnlyForDeploymentPostprocessing = 0;
		};
		73486E3E1F22FF06004C3333 /* Sources */ = {
			isa = PBXSourcesBuildPhase;
			buildActionMask = 2147483647;
			files = (
				73486E471F22FF06004C3333 /* Shoot_OutUITests.swift in Sources */,
			);
			runOnlyForDeploymentPostprocessing = 0;
		};
/* End PBXSourcesBuildPhase section */

/* Begin PBXTargetDependency section */
		73486E391F22FF06004C3333 /* PBXTargetDependency */ = {
			isa = PBXTargetDependency;
			target = 73486E1C1F22FF05004C3333 /* Shoot Out */;
			targetProxy = 73486E381F22FF06004C3333 /* PBXContainerItemProxy */;
		};
		73486E441F22FF06004C3333 /* PBXTargetDependency */ = {
			isa = PBXTargetDependency;
			target = 73486E1C1F22FF05004C3333 /* Shoot Out */;
			targetProxy = 73486E431F22FF06004C3333 /* PBXContainerItemProxy */;
		};
/* End PBXTargetDependency section */

/* Begin PBXVariantGroup section */
		73486E2A1F22FF06004C3333 /* Main.storyboard */ = {
			isa = PBXVariantGroup;
			children = (
				73486E2B1F22FF06004C3333 /* Base */,
			);
			name = Main.storyboard;
			sourceTree = "<group>";
		};
		73486E2F1F22FF06004C3333 /* LaunchScreen.storyboard */ = {
			isa = PBXVariantGroup;
			children = (
				73486E301F22FF06004C3333 /* Base */,
			);
			name = LaunchScreen.storyboard;
			sourceTree = "<group>";
		};
/* End PBXVariantGroup section */

/* Begin XCBuildConfiguration section */
		73486E491F22FF06004C3333 /* Debug */ = {
			isa = XCBuildConfiguration;
			buildSettings = {
				ALWAYS_SEARCH_USER_PATHS = NO;
				CLANG_ANALYZER_NONNULL = YES;
				CLANG_CXX_LANGUAGE_STANDARD = "gnu++0x";
				CLANG_CXX_LIBRARY = "libc++";
				CLANG_ENABLE_MODULES = YES;
				CLANG_ENABLE_OBJC_ARC = YES;
				CLANG_WARN_BLOCK_CAPTURE_AUTORELEASING = YES;
				CLANG_WARN_BOOL_CONVERSION = YES;
				CLANG_WARN_COMMA = YES;
				CLANG_WARN_CONSTANT_CONVERSION = YES;
				CLANG_WARN_DIRECT_OBJC_ISA_USAGE = YES_ERROR;
				CLANG_WARN_DOCUMENTATION_COMMENTS = YES;
				CLANG_WARN_EMPTY_BODY = YES;
				CLANG_WARN_ENUM_CONVERSION = YES;
				CLANG_WARN_INFINITE_RECURSION = YES;
				CLANG_WARN_INT_CONVERSION = YES;
				CLANG_WARN_NON_LITERAL_NULL_CONVERSION = YES;
				CLANG_WARN_OBJC_LITERAL_CONVERSION = YES;
				CLANG_WARN_OBJC_ROOT_CLASS = YES_ERROR;
				CLANG_WARN_RANGE_LOOP_ANALYSIS = YES;
				CLANG_WARN_STRICT_PROTOTYPES = YES;
				CLANG_WARN_SUSPICIOUS_MOVE = YES;
				CLANG_WARN_SUSPICIOUS_MOVES = YES;
				CLANG_WARN_UNREACHABLE_CODE = YES;
				CLANG_WARN__DUPLICATE_METHOD_MATCH = YES;
				"CODE_SIGN_IDENTITY[sdk=iphoneos*]" = "iPhone Developer";
				COPY_PHASE_STRIP = NO;
				DEBUG_INFORMATION_FORMAT = dwarf;
				ENABLE_STRICT_OBJC_MSGSEND = YES;
				ENABLE_TESTABILITY = YES;
				GCC_C_LANGUAGE_STANDARD = gnu99;
				GCC_DYNAMIC_NO_PIC = NO;
				GCC_NO_COMMON_BLOCKS = YES;
				GCC_OPTIMIZATION_LEVEL = 0;
				GCC_PREPROCESSOR_DEFINITIONS = (
					"DEBUG=1",
					"$(inherited)",
				);
				GCC_WARN_64_TO_32_BIT_CONVERSION = YES;
				GCC_WARN_ABOUT_RETURN_TYPE = YES_ERROR;
				GCC_WARN_UNDECLARED_SELECTOR = YES;
				GCC_WARN_UNINITIALIZED_AUTOS = YES_AGGRESSIVE;
				GCC_WARN_UNUSED_FUNCTION = YES;
				GCC_WARN_UNUSED_VARIABLE = YES;
				IPHONEOS_DEPLOYMENT_TARGET = 10.1;
				MTL_ENABLE_DEBUG_INFO = YES;
				ONLY_ACTIVE_ARCH = YES;
				SDKROOT = iphoneos;
				SWIFT_ACTIVE_COMPILATION_CONDITIONS = DEBUG;
				SWIFT_OPTIMIZATION_LEVEL = "-Onone";
				TARGETED_DEVICE_FAMILY = "1,2";
			};
			name = Debug;
		};
		73486E4A1F22FF06004C3333 /* Release */ = {
			isa = XCBuildConfiguration;
			buildSettings = {
				ALWAYS_SEARCH_USER_PATHS = NO;
				CLANG_ANALYZER_NONNULL = YES;
				CLANG_CXX_LANGUAGE_STANDARD = "gnu++0x";
				CLANG_CXX_LIBRARY = "libc++";
				CLANG_ENABLE_MODULES = YES;
				CLANG_ENABLE_OBJC_ARC = YES;
				CLANG_WARN_BLOCK_CAPTURE_AUTORELEASING = YES;
				CLANG_WARN_BOOL_CONVERSION = YES;
				CLANG_WARN_COMMA = YES;
				CLANG_WARN_CONSTANT_CONVERSION = YES;
				CLANG_WARN_DIRECT_OBJC_ISA_USAGE = YES_ERROR;
				CLANG_WARN_DOCUMENTATION_COMMENTS = YES;
				CLANG_WARN_EMPTY_BODY = YES;
				CLANG_WARN_ENUM_CONVERSION = YES;
				CLANG_WARN_INFINITE_RECURSION = YES;
				CLANG_WARN_INT_CONVERSION = YES;
				CLANG_WARN_NON_LITERAL_NULL_CONVERSION = YES;
				CLANG_WARN_OBJC_LITERAL_CONVERSION = YES;
				CLANG_WARN_OBJC_ROOT_CLASS = YES_ERROR;
				CLANG_WARN_RANGE_LOOP_ANALYSIS = YES;
				CLANG_WARN_STRICT_PROTOTYPES = YES;
				CLANG_WARN_SUSPICIOUS_MOVE = YES;
				CLANG_WARN_SUSPICIOUS_MOVES = YES;
				CLANG_WARN_UNREACHABLE_CODE = YES;
				CLANG_WARN__DUPLICATE_METHOD_MATCH = YES;
				"CODE_SIGN_IDENTITY[sdk=iphoneos*]" = "iPhone Developer";
				COPY_PHASE_STRIP = NO;
				DEBUG_INFORMATION_FORMAT = "dwarf-with-dsym";
				ENABLE_NS_ASSERTIONS = NO;
				ENABLE_STRICT_OBJC_MSGSEND = YES;
				GCC_C_LANGUAGE_STANDARD = gnu99;
				GCC_NO_COMMON_BLOCKS = YES;
				GCC_WARN_64_TO_32_BIT_CONVERSION = YES;
				GCC_WARN_ABOUT_RETURN_TYPE = YES_ERROR;
				GCC_WARN_UNDECLARED_SELECTOR = YES;
				GCC_WARN_UNINITIALIZED_AUTOS = YES_AGGRESSIVE;
				GCC_WARN_UNUSED_FUNCTION = YES;
				GCC_WARN_UNUSED_VARIABLE = YES;
				IPHONEOS_DEPLOYMENT_TARGET = 10.1;
				MTL_ENABLE_DEBUG_INFO = NO;
				SDKROOT = iphoneos;
				SWIFT_OPTIMIZATION_LEVEL = "-Owholemodule";
				TARGETED_DEVICE_FAMILY = "1,2";
				VALIDATE_PRODUCT = YES;
			};
			name = Release;
		};
		73486E4C1F22FF06004C3333 /* Debug */ = {
			isa = XCBuildConfiguration;
			baseConfigurationReference = 47AD165EB11F34BB5286A3E0 /* Pods-Shoot Out.debug.xcconfig */;
			buildSettings = {
				ASSETCATALOG_COMPILER_APPICON_NAME = AppIcon;
				DEVELOPMENT_TEAM = 9SR8L2XE3A;
				INFOPLIST_FILE = "Shoot Out/Info.plist";
				LD_RUNPATH_SEARCH_PATHS = "$(inherited) @executable_path/Frameworks";
				PRODUCT_BUNDLE_IDENTIFIER = "com.westlakeapc.Shoot-Out";
				PRODUCT_NAME = "$(TARGET_NAME)";
				SWIFT_VERSION = 3.0;
			};
			name = Debug;
		};
		73486E4D1F22FF06004C3333 /* Release */ = {
			isa = XCBuildConfiguration;
			baseConfigurationReference = 3E81CE78F2C96F5CBEABBB35 /* Pods-Shoot Out.release.xcconfig */;
			buildSettings = {
				ASSETCATALOG_COMPILER_APPICON_NAME = AppIcon;
				DEVELOPMENT_TEAM = 9SR8L2XE3A;
				INFOPLIST_FILE = "Shoot Out/Info.plist";
				LD_RUNPATH_SEARCH_PATHS = "$(inherited) @executable_path/Frameworks";
				PRODUCT_BUNDLE_IDENTIFIER = "com.westlakeapc.Shoot-Out";
				PRODUCT_NAME = "$(TARGET_NAME)";
				SWIFT_VERSION = 3.0;
			};
			name = Release;
		};
		73486E4F1F22FF06004C3333 /* Debug */ = {
			isa = XCBuildConfiguration;
			baseConfigurationReference = 5771846E02BD247E3E348FAD /* Pods-Shoot OutTests.debug.xcconfig */;
			buildSettings = {
				ALWAYS_EMBED_SWIFT_STANDARD_LIBRARIES = YES;
				BUNDLE_LOADER = "$(TEST_HOST)";
				DEVELOPMENT_TEAM = 9SR8L2XE3A;
				INFOPLIST_FILE = "Shoot OutTests/Info.plist";
				LD_RUNPATH_SEARCH_PATHS = "$(inherited) @executable_path/Frameworks @loader_path/Frameworks";
				PRODUCT_BUNDLE_IDENTIFIER = "com.westlakeapc.Shoot-OutTests";
				PRODUCT_NAME = "$(TARGET_NAME)";
				SWIFT_VERSION = 3.0;
				TEST_HOST = "$(BUILT_PRODUCTS_DIR)/Shoot Out.app/Shoot Out";
			};
			name = Debug;
		};
		73486E501F22FF06004C3333 /* Release */ = {
			isa = XCBuildConfiguration;
			baseConfigurationReference = E8B79C560DDD5275858FAE3A /* Pods-Shoot OutTests.release.xcconfig */;
			buildSettings = {
				ALWAYS_EMBED_SWIFT_STANDARD_LIBRARIES = YES;
				BUNDLE_LOADER = "$(TEST_HOST)";
				DEVELOPMENT_TEAM = 9SR8L2XE3A;
				INFOPLIST_FILE = "Shoot OutTests/Info.plist";
				LD_RUNPATH_SEARCH_PATHS = "$(inherited) @executable_path/Frameworks @loader_path/Frameworks";
				PRODUCT_BUNDLE_IDENTIFIER = "com.westlakeapc.Shoot-OutTests";
				PRODUCT_NAME = "$(TARGET_NAME)";
				SWIFT_VERSION = 3.0;
				TEST_HOST = "$(BUILT_PRODUCTS_DIR)/Shoot Out.app/Shoot Out";
			};
			name = Release;
		};
		73486E521F22FF06004C3333 /* Debug */ = {
			isa = XCBuildConfiguration;
			baseConfigurationReference = 94F576C725E3FE6496540B8E /* Pods-Shoot OutUITests.debug.xcconfig */;
			buildSettings = {
				ALWAYS_EMBED_SWIFT_STANDARD_LIBRARIES = YES;
				DEVELOPMENT_TEAM = 9SR8L2XE3A;
				INFOPLIST_FILE = "Shoot OutUITests/Info.plist";
				LD_RUNPATH_SEARCH_PATHS = "$(inherited) @executable_path/Frameworks @loader_path/Frameworks";
				PRODUCT_BUNDLE_IDENTIFIER = "com.westlakeapc.Shoot-OutUITests";
				PRODUCT_NAME = "$(TARGET_NAME)";
				SWIFT_VERSION = 3.0;
				TEST_TARGET_NAME = "Shoot Out";
			};
			name = Debug;
		};
		73486E531F22FF06004C3333 /* Release */ = {
			isa = XCBuildConfiguration;
			baseConfigurationReference = 1798F94B710741F60B145977 /* Pods-Shoot OutUITests.release.xcconfig */;
			buildSettings = {
				ALWAYS_EMBED_SWIFT_STANDARD_LIBRARIES = YES;
				DEVELOPMENT_TEAM = 9SR8L2XE3A;
				INFOPLIST_FILE = "Shoot OutUITests/Info.plist";
				LD_RUNPATH_SEARCH_PATHS = "$(inherited) @executable_path/Frameworks @loader_path/Frameworks";
				PRODUCT_BUNDLE_IDENTIFIER = "com.westlakeapc.Shoot-OutUITests";
				PRODUCT_NAME = "$(TARGET_NAME)";
				SWIFT_VERSION = 3.0;
				TEST_TARGET_NAME = "Shoot Out";
			};
			name = Release;
		};
/* End XCBuildConfiguration section */

/* Begin XCConfigurationList section */
		73486E181F22FF05004C3333 /* Build configuration list for PBXProject "Shoot Out" */ = {
			isa = XCConfigurationList;
			buildConfigurations = (
				73486E491F22FF06004C3333 /* Debug */,
				73486E4A1F22FF06004C3333 /* Release */,
			);
			defaultConfigurationIsVisible = 0;
			defaultConfigurationName = Release;
		};
		73486E4B1F22FF06004C3333 /* Build configuration list for PBXNativeTarget "Shoot Out" */ = {
			isa = XCConfigurationList;
			buildConfigurations = (
				73486E4C1F22FF06004C3333 /* Debug */,
				73486E4D1F22FF06004C3333 /* Release */,
			);
			defaultConfigurationIsVisible = 0;
			defaultConfigurationName = Release;
		};
		73486E4E1F22FF06004C3333 /* Build configuration list for PBXNativeTarget "Shoot OutTests" */ = {
			isa = XCConfigurationList;
			buildConfigurations = (
				73486E4F1F22FF06004C3333 /* Debug */,
				73486E501F22FF06004C3333 /* Release */,
			);
			defaultConfigurationIsVisible = 0;
			defaultConfigurationName = Release;
		};
		73486E511F22FF06004C3333 /* Build configuration list for PBXNativeTarget "Shoot OutUITests" */ = {
			isa = XCConfigurationList;
			buildConfigurations = (
				73486E521F22FF06004C3333 /* Debug */,
				73486E531F22FF06004C3333 /* Release */,
			);
			defaultConfigurationIsVisible = 0;
			defaultConfigurationName = Release;
		};
/* End XCConfigurationList section */
	};
	rootObject = 73486E151F22FF05004C3333 /* Project object */;
}
